{
  "version": 4,
  "terraform_version": "1.14.9",
  "serial": 53,
  "lineage": "18ab7312-a822-6e93-aa79-b124ccdfa1e1",
  "outputs": {
    "instance_id": {
      "value": "i-08af58c30a5d18a90",
      "type": "string"
    },
    "instance_public_dns": {
      "value": "ec2-52-201-38-248.compute-1.amazonaws.com",
      "type": "string"
    },
    "instance_public_ip": {
      "value": "52.201.38.248",
      "type": "string"
    },
    "security_group_id": {
      "value": "sg-01a6365711597fe7d",
      "type": "string"
    }
  },
  "resources": [
    {
      "mode": "data",
      "type": "aws_caller_identity",
      "name": "current",
      "provider": "provider[\"registry.terraform.io/hashicorp/aws\"]",
      "instances": [
        {
          "schema_version": 0,
          "attributes": {
            "account_id": "472570941384",
            "arn": "arn:aws:iam::472570941384:user/yared",
            "id": "472570941384",
            "user_id": "AIDAW4B3MJ7ED2LOZY4OH"
          },
          "sensitive_attributes": [],
          "identity_schema_version": 0
        }
      ]
    },
    {
      "mode": "data",
      "type": "aws_iam_policy_document",
      "name": "ssm_read",
      "provider": "provider[\"registry.terraform.io/hashicorp/aws\"]",
      "instances": [
        {
          "schema_version": 0,
          "attributes": {
            "id": "3246429149",
            "json": "{\n  \"Version\": \"2012-10-17\",\n  \"Statement\": [\n    {\n      \"Effect\": \"Allow\",\n      \"Action\": [\n        \"ssm:GetParametersByPath\",\n        \"ssm:GetParameters\",\n        \"ssm:GetParameter\"\n      ],\n      \"Resource\": \"arn:aws:ssm:us-east-1:472570941384:parameter/check-place/*\"\n    }\n  ]\n}",
            "minified_json": "{\"Version\":\"2012-10-17\",\"Statement\":[{\"Effect\":\"Allow\",\"Action\":[\"ssm:GetParametersByPath\",\"ssm:GetParameters\",\"ssm:GetParameter\"],\"Resource\":\"arn:aws:ssm:us-east-1:472570941384:parameter/check-place/*\"}]}",
            "override_json": null,
            "override_policy_documents": null,
            "policy_id": null,
            "source_json": null,
            "source_policy_documents": null,
            "statement": [
              {
                "actions": [
                  "ssm:GetParameter",
                  "ssm:GetParameters",
                  "ssm:GetParametersByPath"
                ],
                "condition": [],
                "effect": "Allow",
                "not_actions": [],
                "not_principals": [],
                "not_resources": [],
                "principals": [],
                "resources": [
                  "arn:aws:ssm:us-east-1:472570941384:parameter/check-place/*"
                ],
                "sid": ""
              }
            ],
            "version": "2012-10-17"
          },
          "sensitive_attributes": [],
          "identity_schema_version": 0
        }
      ]
    },
    {
      "mode": "data",
      "type": "aws_ssm_parameter",
      "name": "amazon_linux_2_arm",
      "provider": "provider[\"registry.terraform.io/hashicorp/aws\"]",
      "instances": [
        {
          "schema_version": 0,
          "attributes": {
            "arn": "arn:aws:ssm:us-east-1::parameter/aws/service/ami-amazon-linux-latest/amzn2-ami-hvm-arm64-gp2",
            "id": "/aws/service/ami-amazon-linux-latest/amzn2-ami-hvm-arm64-gp2",
            "insecure_value": "ami-051dc1a12dc7eab81",
            "name": "/aws/service/ami-amazon-linux-latest/amzn2-ami-hvm-arm64-gp2",
            "region": "us-east-1",
            "type": "String",
            "value": "ami-051dc1a12dc7eab81",
            "version": 171,
            "with_decryption": true
          },
          "sensitive_attributes": [
            [
              {
                "type": "get_attr",
                "value": "value"
              }
            ]
          ],
          "identity_schema_version": 0
        }
      ]
    },
    {
      "mode": "managed",
      "type": "aws_iam_instance_profile",
      "name": "instance_profile",
      "provider": "provider[\"registry.terraform.io/hashicorp/aws\"]",
      "instances": [
        {
          "schema_version": 0,
          "attributes": {
            "arn": "arn:aws:iam::472570941384:instance-profile/check-place-instance-profile",
            "create_date": "2026-04-26T00:09:15Z",
            "id": "check-place-instance-profile",
            "name": "check-place-instance-profile",
            "name_prefix": "",
            "path": "/",
            "role": "check-place-instance-role",
            "tags": {},
            "tags_all": {},
            "unique_id": "AIPAW4B3MJ7ELRHVFMHOZ"
          },
          "sensitive_attributes": [],
          "identity_schema_version": 0,
          "identity": {
            "account_id": "472570941384",
            "name": "check-place-instance-profile"
          },
          "private": "bnVsbA==",
          "dependencies": [
            "aws_iam_role.instance_role"
          ]
        }
      ]
    },
    {
      "mode": "managed",
      "type": "aws_iam_policy",
      "name": "ssm_read_policy",
      "provider": "provider[\"registry.terraform.io/hashicorp/aws\"]",
      "instances": [
        {
          "schema_version": 0,
          "attributes": {
            "arn": "arn:aws:iam::472570941384:policy/check-place-ssm-read",
            "attachment_count": 1,
            "delay_after_policy_creation_in_ms": null,
            "description": "",
            "id": "arn:aws:iam::472570941384:policy/check-place-ssm-read",
            "name": "check-place-ssm-read",
            "name_prefix": "",
            "path": "/",
            "policy": "{\"Statement\":[{\"Action\":[\"ssm:GetParametersByPath\",\"ssm:GetParameters\",\"ssm:GetParameter\"],\"Effect\":\"Allow\",\"Resource\":\"arn:aws:ssm:us-east-1:472570941384:parameter/check-place/*\"}],\"Version\":\"2012-10-17\"}",
            "policy_id": "ANPAW4B3MJ7EOXR27O4E5",
            "tags": {},
            "tags_all": {}
          },
          "sensitive_attributes": [],
          "identity_schema_version": 0,
          "identity": {
            "arn": "arn:aws:iam::472570941384:policy/check-place-ssm-read"
          },
          "private": "bnVsbA==",
          "dependencies": [
            "data.aws_caller_identity.current",
            "data.aws_iam_policy_document.ssm_read"
          ]
        }
      ]
    },
    {
      "mode": "managed",
      "type": "aws_iam_role",
      "name": "instance_role",
      "provider": "provider[\"registry.terraform.io/hashicorp/aws\"]",
      "instances": [
        {
          "schema_version": 0,
          "attributes": {
            "arn": "arn:aws:iam::472570941384:role/check-place-instance-role",
            "assume_role_policy": "{\"Statement\":[{\"Action\":\"sts:AssumeRole\",\"Effect\":\"Allow\",\"Principal\":{\"Service\":\"ec2.amazonaws.com\"}}],\"Version\":\"2012-10-17\"}",
            "create_date": "2026-04-26T00:09:15Z",
            "description": "",
            "force_detach_policies": false,
            "id": "check-place-instance-role",
            "inline_policy": [],
            "managed_policy_arns": [
              "arn:aws:iam::472570941384:policy/check-place-ssm-read",
              "arn:aws:iam::aws:policy/AmazonSSMManagedInstanceCore"
            ],
            "max_session_duration": 3600,
            "name": "check-place-instance-role",
            "name_prefix": "",
            "path": "/",
            "permissions_boundary": "",
            "tags": {
              "Project": "check-place"
            },
            "tags_all": {
              "Project": "check-place"
            },
            "unique_id": "AROAW4B3MJ7ELP43QX6UY"
          },
          "sensitive_attributes": [],
          "identity_schema_version": 0,
          "identity": {
            "account_id": "472570941384",
            "name": "check-place-instance-role"
          },
          "private": "bnVsbA=="
        }
      ]
    },
    {
      "mode": "managed",
      "type": "aws_iam_role_policy_attachment",
      "name": "attach_ssm_read",
      "provider": "provider[\"registry.terraform.io/hashicorp/aws\"]",
      "instances": [
        {
          "schema_version": 0,
          "attributes": {
            "id": "check-place-instance-role/arn:aws:iam::472570941384:policy/check-place-ssm-read",
            "policy_arn": "arn:aws:iam::472570941384:policy/check-place-ssm-read",
            "role": "check-place-instance-role"
          },
          "sensitive_attributes": [],
          "identity_schema_version": 0,
          "identity": {
            "account_id": "472570941384",
            "policy_arn": "arn:aws:iam::472570941384:policy/check-place-ssm-read",
            "role": "check-place-instance-role"
          },
          "private": "bnVsbA==",
          "dependencies": [
            "aws_iam_policy.ssm_read_policy",
            "aws_iam_role.instance_role",
            "data.aws_caller_identity.current",
            "data.aws_iam_policy_document.ssm_read"
          ]
        }
      ]
    },
    {
      "mode": "managed",
      "type": "aws_iam_role_policy_attachment",
      "name": "ssm_attach",
      "provider": "provider[\"registry.terraform.io/hashicorp/aws\"]",
      "instances": [
        {
          "schema_version": 0,
          "attributes": {
            "id": "check-place-instance-role/arn:aws:iam::aws:policy/AmazonSSMManagedInstanceCore",
            "policy_arn": "arn:aws:iam::aws:policy/AmazonSSMManagedInstanceCore",
            "role": "check-place-instance-role"
          },
          "sensitive_attributes": [],
          "identity_schema_version": 0,
          "identity": {
            "account_id": "472570941384",
            "policy_arn": "arn:aws:iam::aws:policy/AmazonSSMManagedInstanceCore",
            "role": "check-place-instance-role"
          },
          "private": "bnVsbA==",
          "dependencies": [
            "aws_iam_role.instance_role"
          ]
        }
      ]
    },
    {
      "mode": "managed",
      "type": "aws_instance",
      "name": "app",
      "provider": "provider[\"registry.terraform.io/hashicorp/aws\"]",
      "instances": [
        {
          "schema_version": 2,
          "attributes": {
            "ami": "ami-051dc1a12dc7eab81",
            "arn": "arn:aws:ec2:us-east-1:472570941384:instance/i-08af58c30a5d18a90",
            "associate_public_ip_address": true,
            "availability_zone": "us-east-1c",
            "capacity_reservation_specification": [
              {
                "capacity_reservation_preference": "open",
                "capacity_reservation_target": []
              }
            ],
            "cpu_options": [
              {
                "amd_sev_snp": "",
                "core_count": 2,
                "nested_virtualization": "",
                "threads_per_core": 1
              }
            ],
            "credit_specification": [
              {
                "cpu_credits": "unlimited"
              }
            ],
            "disable_api_stop": false,
            "disable_api_termination": false,
            "ebs_block_device": [],
            "ebs_optimized": false,
            "enable_primary_ipv6": null,
            "enclave_options": [
              {
                "enabled": false
              }
            ],
            "ephemeral_block_device": [],
            "force_destroy": false,
            "get_password_data": false,
            "hibernation": false,
            "host_id": "",
            "host_resource_group_arn": null,
            "iam_instance_profile": "check-place-instance-profile",
            "id": "i-08af58c30a5d18a90",
            "instance_initiated_shutdown_behavior": "stop",
            "instance_lifecycle": "",
            "instance_market_options": [],
            "instance_state": "running",
            "instance_type": "t4g.micro",
            "ipv6_address_count": 0,
            "ipv6_addresses": [],
            "key_name": "",
            "launch_template": [],
            "maintenance_options": [
              {
                "auto_recovery": "default"
              }
            ],
            "metadata_options": [
              {
                "http_endpoint": "enabled",
                "http_protocol_ipv6": "disabled",
                "http_put_response_hop_limit": 1,
                "http_tokens": "optional",
                "instance_metadata_tags": "disabled"
              }
            ],
            "monitoring": false,
            "network_interface": [],
            "outpost_arn": "",
            "password_data": "",
            "placement_group": "",
            "placement_group_id": "",
            "placement_partition_number": 0,
            "primary_network_interface": [
              {
                "delete_on_termination": true,
                "network_interface_id": "eni-0c221a92735017c70"
              }
            ],
            "primary_network_interface_id": "eni-0c221a92735017c70",
            "private_dns": "ip-10-0-1-69.ec2.internal",
            "private_dns_name_options": [
              {
                "enable_resource_name_dns_a_record": false,
                "enable_resource_name_dns_aaaa_record": false,
                "hostname_type": "ip-name"
              }
            ],
            "private_ip": "10.0.1.69",
            "public_dns": "ec2-52-201-38-248.compute-1.amazonaws.com",
            "public_ip": "52.201.38.248",
            "region": "us-east-1",
            "root_block_device": [
              {
                "delete_on_termination": true,
                "device_name": "/dev/xvda",
                "encrypted": false,
                "iops": 100,
                "kms_key_id": "",
                "tags": {},
                "tags_all": {},
                "throughput": 0,
                "volume_id": "vol-0e207ac4f78760b1e",
                "volume_size": 8,
                "volume_type": "gp2"
              }
            ],
            "secondary_network_interface": [],
            "secondary_private_ips": [],
            "security_groups": [],
            "source_dest_check": true,
            "spot_instance_request_id": "",
            "subnet_id": "subnet-0b6b0a19b8dbce1aa",
            "tags": {
              "Name": "check-place-backend",
              "Project": "check-place"
            },
            "tags_all": {
              "Name": "check-place-backend",
              "Project": "check-place"
            },
            "tenancy": "default",
            "timeouts": null,
            "user_data": "#!/bin/bash\nset -eux\n\n# marker file to verify user-data execution and result\nMARKER=\"/var/log/check-place-user-data.marker\"\necho \"user-data start: $(date -u) pid=$$\" \u003e \"$MARKER\" || true\n# ensure we always write an exit code and timestamp on exit\ntrap 'rc=$?; echo \"user-data exit: rc=$rc time=$(date -u)\" \u003e\u003e \"$MARKER\" || true; if [ \"$rc\" -eq 0 ]; then echo \"user-data status: SUCCESS\" \u003e\u003e \"$MARKER\" || true; else echo \"user-data status: FAILURE\" \u003e\u003e \"$MARKER\" || true; fi' EXIT\n\n# collect quick diagnostics to the marker for debugging\narch_now=\"$(uname -m || true)\"\necho \"arch: $arch_now\" \u003e\u003e \"$MARKER\" || true\necho \"uname: $(uname -a || true)\" \u003e\u003e \"$MARKER\" || true\n{ command -v aws \u003e/dev/null 2\u003e\u00261 \u0026\u0026 aws --version 2\u003e\u00261 || echo \"aws: not-found-or-error\" ; } \u003e\u003e \"$MARKER\" 2\u003e\u00261 || true\n{ command -v docker \u003e/dev/null 2\u003e\u00261 \u0026\u0026 docker --version 2\u003e\u00261 || echo \"docker: not-found-or-error\" ; } \u003e\u003e \"$MARKER\" 2\u003e\u00261 || true\n{ command -v git \u003e/dev/null 2\u003e\u00261 \u0026\u0026 git --version 2\u003e\u00261 || echo \"git: not-found-or-error\" ; } \u003e\u003e \"$MARKER\" 2\u003e\u00261 || true\n{ docker compose version 2\u003e\u00261 || echo \"docker-compose-cli: not-available\" ; } \u003e\u003e \"$MARKER\" 2\u003e\u00261 || true\n{ systemctl is-active amazon-ssm-agent 2\u003e\u00261 || echo \"ssm-agent: unknown\" ; } \u003e\u003e \"$MARKER\" 2\u003e\u00261 || true\n\n# Install dependencies (Amazon Linux 2 compatible)\nif command -v yum \u003e/dev/null 2\u003e\u00261; then\n  yum update -y\n  amazon-linux-extras install -y docker\n  yum install -y git\n  yum install -y awscli || true\n  yum install -y unzip curl || true\n  systemctl enable --now docker\n  usermod -a -G docker ec2-user || true\n  # install compose plugin if available\n  yum install -y docker-compose-plugin || true\nelse\n  apt-get update -y\n  apt-get install -y docker.io docker-compose git\n  apt-get install -y awscli || true\n  apt-get install -y unzip curl || true\n  systemctl enable --now docker\nfi\n\n# Ensure SSM agent is running so SSM/Parameter Store calls work\nsystemctl enable --now amazon-ssm-agent || true\n\n# Ensure AWS CLI v2 is present (v1 may be installed by package manager)\n## Ensure AWS CLI v2 is present (pick correct arch; handle installer failures)\narch=\"$(uname -m || true)\"\nif command -v aws \u003e/dev/null 2\u003e\u00261; then\n  if ! aws --version 2\u003e\u00261 | grep -q \"aws-cli/2\"; then\n    WANT_INSTALL=true\n  else\n    WANT_INSTALL=false\n  fi\nelse\n  WANT_INSTALL=true\nfi\nif [ \"$WANT_INSTALL\" = \"true\" ]; then\n  # choose installer for architecture\n  case \"$arch\" in\n    x86_64|amd64)\n      aws_zip_url=\"https://awscli.amazonaws.com/awscli-exe-linux-x86_64.zip\"\n      ;;\n    aarch64|arm64)\n      aws_zip_url=\"https://awscli.amazonaws.com/awscli-exe-linux-aarch64.zip\"\n      ;;\n    *)\n      aws_zip_url=\"https://awscli.amazonaws.com/awscli-exe-linux-x86_64.zip\"\n      ;;\n  esac\n  rm -f /usr/local/bin/aws || true\n  rm -rf /tmp/aws || true\n  curl -sSL \"$aws_zip_url\" -o /tmp/awscliv2.zip || true\n  unzip -o /tmp/awscliv2.zip -d /tmp || true\n  # installer may fail if arch mismatch; ignore errors but leave a usable aws if present\n  /tmp/aws/install --update || true\nfi\n\n## Attempt to fetch a private deploy key from SSM (works whether Terraform created it or you added it manually)\nmkdir -p /home/ec2-user/.ssh\nchown ec2-user:ec2-user /home/ec2-user/.ssh\n\n# fetch private key from SSM (requires instance role permission: ssm:GetParameter)\n# write to id_deploy only if parameter exists; tolerate failures\nif aws ssm get-parameter --name \"/check-place/github-deploy-key\" --region \"us-east-1\" --with-decryption --query Parameter.Value --output text \u003e /home/ec2-user/.ssh/id_deploy 2\u003e/dev/null; then\n  if [ -s /home/ec2-user/.ssh/id_deploy ]; then\n    chmod 600 /home/ec2-user/.ssh/id_deploy\n    chown ec2-user:ec2-user /home/ec2-user/.ssh/id_deploy\n\n    # ssh config to use this key for github.com\n    cat \u003e /home/ec2-user/.ssh/config \u003c\u003c'EOF'\nHost github.com\n  HostName github.com\n  IdentityFile /home/ec2-user/.ssh/id_deploy\n  IdentitiesOnly yes\nEOF\n    chmod 600 /home/ec2-user/.ssh/config\n    chown ec2-user:ec2-user /home/ec2-user/.ssh/config\n\n    # populate known_hosts\n    ssh-keyscan github.com \u003e\u003e /home/ec2-user/.ssh/known_hosts\n    chmod 644 /home/ec2-user/.ssh/known_hosts\n    chown ec2-user:ec2-user /home/ec2-user/.ssh/known_hosts\n  fi\nfi\n\n# Clone repo and bring up services (run as ec2-user so files are owned)\ncd /home/ec2-user || true\nif [ ! -d app ]; then\n  sudo -u ec2-user git clone \"git@github.com:HashMapsData2Value/check-place.git\" app || true\nelse\n  cd app \u0026\u0026 sudo -u ec2-user git pull || true\nfi\ncd app || exit 0\n\n# Run compose (assumes docker compose v2 plugin or docker-compose present)\ndocker compose pull || true\ndocker compose up -d || true\n\n# Optionally remove the private key after clone to reduce on-disk secrets\nif [ \"true\" = \"true\" ] || [ \"true\" = \"True\" ]; then\n  if [ -f /home/ec2-user/.ssh/id_deploy ]; then\n    rm -f /home/ec2-user/.ssh/id_deploy || true\n  fi\n  if [ -f /home/ec2-user/.ssh/config ]; then\n    rm -f /home/ec2-user/.ssh/config || true\n  fi\nfi\n",
            "user_data_base64": null,
            "user_data_replace_on_change": false,
            "volume_tags": null,
            "vpc_security_group_ids": [
              "sg-01a6365711597fe7d"
            ]
          },
          "sensitive_attributes": [
            [
              {
                "type": "get_attr",
                "value": "ami"
              }
            ]
          ],
          "identity_schema_version": 0,
          "identity": {
            "account_id": "472570941384",
            "id": "i-08af58c30a5d18a90",
            "region": "us-east-1"
          },
          "private": "eyJlMmJmYjczMC1lY2FhLTExZTYtOGY4OC0zNDM2M2JjN2M0YzAiOnsiY3JlYXRlIjo2MDAwMDAwMDAwMDAsImRlbGV0ZSI6MTIwMDAwMDAwMDAwMCwicmVhZCI6OTAwMDAwMDAwMDAwLCJ1cGRhdGUiOjYwMDAwMDAwMDAwMH0sInNjaGVtYV92ZXJzaW9uIjoiMiJ9",
          "dependencies": [
            "aws_iam_instance_profile.instance_profile",
            "aws_iam_role.instance_role",
            "aws_key_pair.deployer",
            "aws_security_group.app_sg",
            "aws_subnet.public",
            "aws_vpc.this",
            "data.aws_ssm_parameter.amazon_linux_2_arm"
          ]
        }
      ]
    },
    {
      "mode": "managed",
      "type": "aws_internet_gateway",
      "name": "this",
      "provider": "provider[\"registry.terraform.io/hashicorp/aws\"]",
      "instances": [
        {
          "schema_version": 0,
          "attributes": {
            "arn": "arn:aws:ec2:us-east-1:472570941384:internet-gateway/igw-012c7afb2bbd5f121",
            "id": "igw-012c7afb2bbd5f121",
            "owner_id": "472570941384",
            "region": "us-east-1",
            "tags": {
              "Name": "check-place-igw",
              "Project": "check-place"
            },
            "tags_all": {
              "Name": "check-place-igw",
              "Project": "check-place"
            },
            "timeouts": null,
            "vpc_id": "vpc-08ac438a5e5ea7cf9"
          },
          "sensitive_attributes": [],
          "identity_schema_version": 0,
          "identity": {
            "account_id": "472570941384",
            "id": "igw-012c7afb2bbd5f121",
            "region": "us-east-1"
          },
          "private": "eyJlMmJmYjczMC1lY2FhLTExZTYtOGY4OC0zNDM2M2JjN2M0YzAiOnsiY3JlYXRlIjoxMjAwMDAwMDAwMDAwLCJkZWxldGUiOjEyMDAwMDAwMDAwMDAsInVwZGF0ZSI6MTIwMDAwMDAwMDAwMH19",
          "dependencies": [
            "aws_vpc.this"
          ]
        }
      ]
    },
    {
      "mode": "managed",
      "type": "aws_route_table",
      "name": "public",
      "provider": "provider[\"registry.terraform.io/hashicorp/aws\"]",
      "instances": [
        {
          "schema_version": 0,
          "attributes": {
            "arn": "arn:aws:ec2:us-east-1:472570941384:route-table/rtb-0ca238a86ac962c4c",
            "id": "rtb-0ca238a86ac962c4c",
            "owner_id": "472570941384",
            "propagating_vgws": [],
            "region": "us-east-1",
            "route": [
              {
                "carrier_gateway_id": "",
                "cidr_block": "0.0.0.0/0",
                "core_network_arn": "",
                "destination_prefix_list_id": "",
                "egress_only_gateway_id": "",
                "gateway_id": "igw-012c7afb2bbd5f121",
                "ipv6_cidr_block": "",
                "local_gateway_id": "",
                "nat_gateway_id": "",
                "network_interface_id": "",
                "transit_gateway_id": "",
                "vpc_endpoint_id": "",
                "vpc_peering_connection_id": ""
              }
            ],
            "tags": {
              "Name": "check-place-public-rt",
              "Project": "check-place"
            },
            "tags_all": {
              "Name": "check-place-public-rt",
              "Project": "check-place"
            },
            "timeouts": null,
            "vpc_id": "vpc-08ac438a5e5ea7cf9"
          },
          "sensitive_attributes": [],
          "identity_schema_version": 0,
          "identity": {
            "account_id": "472570941384",
            "id": "rtb-0ca238a86ac962c4c",
            "region": "us-east-1"
          },
          "private": "eyJlMmJmYjczMC1lY2FhLTExZTYtOGY4OC0zNDM2M2JjN2M0YzAiOnsiY3JlYXRlIjozMDAwMDAwMDAwMDAsImRlbGV0ZSI6MzAwMDAwMDAwMDAwLCJ1cGRhdGUiOjEyMDAwMDAwMDAwMH19",
          "dependencies": [
            "aws_internet_gateway.this",
            "aws_vpc.this"
          ]
        }
      ]
    },
    {
      "mode": "managed",
      "type": "aws_route_table_association",
      "name": "public",
      "provider": "provider[\"registry.terraform.io/hashicorp/aws\"]",
      "instances": [
        {
          "schema_version": 0,
          "attributes": {
            "gateway_id": "",
            "id": "rtbassoc-00a3c108843abf1d8",
            "region": "us-east-1",
            "route_table_id": "rtb-0ca238a86ac962c4c",
            "subnet_id": "subnet-0b6b0a19b8dbce1aa",
            "timeouts": null
          },
          "sensitive_attributes": [],
          "identity_schema_version": 0,
          "identity": {
            "account_id": "472570941384",
            "id": "rtbassoc-00a3c108843abf1d8",
            "region": "us-east-1"
          },
          "private": "eyJlMmJmYjczMC1lY2FhLTExZTYtOGY4OC0zNDM2M2JjN2M0YzAiOnsiY3JlYXRlIjozMDAwMDAwMDAwMDAsImRlbGV0ZSI6MzAwMDAwMDAwMDAwLCJ1cGRhdGUiOjEyMDAwMDAwMDAwMH19",
          "dependencies": [
            "aws_internet_gateway.this",
            "aws_route_table.public",
            "aws_subnet.public",
            "aws_vpc.this"
          ]
        }
      ]
    },
    {
      "mode": "managed",
      "type": "aws_security_group",
      "name": "app_sg",
      "provider": "provider[\"registry.terraform.io/hashicorp/aws\"]",
      "instances": [
        {
          "schema_version": 1,
          "attributes": {
            "arn": "arn:aws:ec2:us-east-1:472570941384:security-group/sg-01a6365711597fe7d",
            "description": "Allow app ports",
            "egress": [
              {
                "cidr_blocks": [
                  "0.0.0.0/0"
                ],
                "description": "",
                "from_port": 0,
                "ipv6_cidr_blocks": [],
                "prefix_list_ids": [],
                "protocol": "-1",
                "security_groups": [],
                "self": false,
                "to_port": 0
              }
            ],
            "id": "sg-01a6365711597fe7d",
            "ingress": [
              {
                "cidr_blocks": [
                  "0.0.0.0/0"
                ],
                "description": "",
                "from_port": 22,
                "ipv6_cidr_blocks": [],
                "prefix_list_ids": [],
                "protocol": "tcp",
                "security_groups": [],
                "self": false,
                "to_port": 22
              },
              {
                "cidr_blocks": [
                  "0.0.0.0/0"
                ],
                "description": "",
                "from_port": 3001,
                "ipv6_cidr_blocks": [],
                "prefix_list_ids": [],
                "protocol": "tcp",
                "security_groups": [],
                "self": false,
                "to_port": 3001
              },
              {
                "cidr_blocks": [
                  "0.0.0.0/0"
                ],
                "description": "",
                "from_port": 5678,
                "ipv6_cidr_blocks": [],
                "prefix_list_ids": [],
                "protocol": "tcp",
                "security_groups": [],
                "self": false,
                "to_port": 5678
              }
            ],
            "name": "check-place-sg",
            "name_prefix": "",
            "owner_id": "472570941384",
            "region": "us-east-1",
            "revoke_rules_on_delete": false,
            "tags": {
              "Name": "check-place-sg",
              "Project": "check-place"
            },
            "tags_all": {
              "Name": "check-place-sg",
              "Project": "check-place"
            },
            "timeouts": null,
            "vpc_id": "vpc-08ac438a5e5ea7cf9"
          },
          "sensitive_attributes": [],
          "identity_schema_version": 0,
          "identity": {
            "account_id": "472570941384",
            "id": "sg-01a6365711597fe7d",
            "region": "us-east-1"
          },
          "private": "eyJlMmJmYjczMC1lY2FhLTExZTYtOGY4OC0zNDM2M2JjN2M0YzAiOnsiY3JlYXRlIjo2MDAwMDAwMDAwMDAsImRlbGV0ZSI6OTAwMDAwMDAwMDAwfSwic2NoZW1hX3ZlcnNpb24iOiIxIn0=",
          "dependencies": [
            "aws_vpc.this"
          ]
        }
      ]
    },
    {
      "mode": "managed",
      "type": "aws_subnet",
      "name": "public",
      "provider": "provider[\"registry.terraform.io/hashicorp/aws\"]",
      "instances": [
        {
          "schema_version": 1,
          "attributes": {
            "arn": "arn:aws:ec2:us-east-1:472570941384:subnet/subnet-0b6b0a19b8dbce1aa",
            "assign_ipv6_address_on_creation": false,
            "availability_zone": "us-east-1c",
            "availability_zone_id": "use1-az4",
            "cidr_block": "10.0.1.0/24",
            "customer_owned_ipv4_pool": "",
            "enable_dns64": false,
            "enable_lni_at_device_index": 0,
            "enable_resource_name_dns_a_record_on_launch": false,
            "enable_resource_name_dns_aaaa_record_on_launch": false,
            "id": "subnet-0b6b0a19b8dbce1aa",
            "ipv4_ipam_pool_id": null,
            "ipv4_netmask_length": null,
            "ipv6_cidr_block": "",
            "ipv6_cidr_block_association_id": "",
            "ipv6_ipam_pool_id": null,
            "ipv6_native": false,
            "ipv6_netmask_length": null,
            "map_customer_owned_ip_on_launch": false,
            "map_public_ip_on_launch": true,
            "outpost_arn": "",
            "owner_id": "472570941384",
            "private_dns_hostname_type_on_launch": "ip-name",
            "region": "us-east-1",
            "tags": {
              "Name": "check-place-public-subnet",
              "Project": "check-place"
            },
            "tags_all": {
              "Name": "check-place-public-subnet",
              "Project": "check-place"
            },
            "timeouts": null,
            "vpc_id": "vpc-08ac438a5e5ea7cf9"
          },
          "sensitive_attributes": [],
          "identity_schema_version": 0,
          "identity": {
            "account_id": "472570941384",
            "id": "subnet-0b6b0a19b8dbce1aa",
            "region": "us-east-1"
          },
          "private": "eyJlMmJmYjczMC1lY2FhLTExZTYtOGY4OC0zNDM2M2JjN2M0YzAiOnsiY3JlYXRlIjo2MDAwMDAwMDAwMDAsImRlbGV0ZSI6MTIwMDAwMDAwMDAwMH0sInNjaGVtYV92ZXJzaW9uIjoiMSJ9",
          "dependencies": [
            "aws_vpc.this"
          ]
        }
      ]
    },
    {
      "mode": "managed",
      "type": "aws_vpc",
      "name": "this",
      "provider": "provider[\"registry.terraform.io/hashicorp/aws\"]",
      "instances": [
        {
          "schema_version": 1,
          "attributes": {
            "arn": "arn:aws:ec2:us-east-1:472570941384:vpc/vpc-08ac438a5e5ea7cf9",
            "assign_generated_ipv6_cidr_block": false,
            "cidr_block": "10.0.0.0/16",
            "default_network_acl_id": "acl-02282d53de1ea321b",
            "default_route_table_id": "rtb-0a3b98e93b9b3d1c1",
            "default_security_group_id": "sg-0c53f1ced1f30d156",
            "dhcp_options_id": "dopt-9d7795e7",
            "enable_dns_hostnames": true,
            "enable_dns_support": true,
            "enable_network_address_usage_metrics": false,
            "id": "vpc-08ac438a5e5ea7cf9",
            "instance_tenancy": "default",
            "ipv4_ipam_pool_id": null,
            "ipv4_netmask_length": null,
            "ipv6_association_id": "",
            "ipv6_cidr_block": "",
            "ipv6_cidr_block_network_border_group": "",
            "ipv6_ipam_pool_id": "",
            "ipv6_netmask_length": 0,
            "main_route_table_id": "rtb-0a3b98e93b9b3d1c1",
            "owner_id": "472570941384",
            "region": "us-east-1",
            "tags": {
              "Name": "check-place-vpc",
              "Project": "check-place"
            },
            "tags_all": {
              "Name": "check-place-vpc",
              "Project": "check-place"
            }
          },
          "sensitive_attributes": [],
          "identity_schema_version": 0,
          "identity": {
            "account_id": "472570941384",
            "id": "vpc-08ac438a5e5ea7cf9",
            "region": "us-east-1"
          },
          "private": "eyJzY2hlbWFfdmVyc2lvbiI6IjEifQ=="
        }
      ]
    }
  ],
  "check_results": null
}
